github.com/paulgriffiths/pki v0.0.0-20200320011419-a59892a7d247 h1:Ehvyl953S9ONGDX1n/WK7WWrOisPm2mYXDzzElxzZWo=
github.com/paulgriffiths/pki v0.0.0-20200320011419-a59892a7d247/go.mod h1:y/6nm2dAhsd0uF1fliZZ2psGdpGAypX5r8Ep5K+gFrg=
github.com/pkg/errors v0.9.1 h1:FEBLx1zS214owpjy7qsBeixbURkuhQAwrK5UwLGTwt4=
github.com/pkg/errors v0.9.1/go.mod h1:bwawxfHBFNV+L2hUp1rHADufV3IMtnDRdf1r5NINEl0=
